
Microsoft Visual Studio Solution File, Format Version 12.00
# Visual Studio 14
VisualStudioVersion = 14.0.23107.0
MinimumVisualStudioVersion = 10.0.40219.1
Project("{FAE04EC0-301F-11D3-BF4B-00C04F79EFBC}") = "RazorContentChecker", "RazorContentChecker\RazorContentChecker.csproj", "{F6401508-279D-40A8-8EA7-5BF6C17C1511}"
EndProject
Project("{2150E333-8FDC-42A3-9474-1A3956D46DE8}") = "Solution Items", "Solution Items", "{76849727-66E5-4B8D-812A-D26D541F0C10}"
	ProjectSection(SolutionItems) = preProject
		build.cmd = build.cmd
		build.fsx = build.fsx
		LICENSE = LICENSE
		README.md = README.md
	EndProjectSection
EndProject
Global
	GlobalSection(SolutionConfigurationPlatforms) = preSolution
		Debug|Any CPU = Debug|Any CPU
		Release|Any CPU = Release|Any CPU
	EndGlobalSection
	GlobalSection(ProjectConfigurationPlatforms) = postSolution
		{F6401508-279D-40A8-8EA7-5BF6C17C1511}.Debug|Any CPU.ActiveCfg = Debug|Any CPU
		{F6401508-279D-40A8-8EA7-5BF6C17C1511}.Debug|Any CPU.Build.0 = Debug|Any CPU
		{F6401508-279D-40A8-8EA7-5BF6C17C1511}.Release|Any CPU.ActiveCfg = Release|Any CPU
		{F6401508-279D-40A8-8EA7-5BF6C17C1511}.Release|Any CPU.Build.0 = Release|Any CPU
	EndGlobalSection
	GlobalSection(SolutionProperties) = preSolution
		HideSolutionNode = FALSE
	EndGlobalSection
EndGlobal
